
Microsoft Visual Studio Solution File, Format Version 12.00
# Visual Studio Version 16
VisualStudioVersion = 16.0.35026.282
MinimumVisualStudioVersion = 10.0.40219.1
Project("{8BC9CEB8-8B4A-11D0-8D11-00A0C91BC942}") = "RoomClient", "RoomClient\RoomClient.vcxproj", "{35DE6B71-D519-4F27-B9FE-24B25FBC189F}"
EndProject
Project("{8BC9CEB8-8B4A-11D0-8D11-00A0C91BC942}") = "App", "App\App.vcxproj", "{79F433C6-FA2B-4AE7-B19F-5EFC12F72510}"
EndProject
Global
	GlobalSection(SolutionConfigurationPlatforms) = preSolution
		Debug|x64 = Debug|x64
		Release|x64 = Release|x64
	EndGlobalSection
	GlobalSection(ProjectConfigurationPlatforms) = postSolution
		{35DE6B71-D519-4F27-B9FE-24B25FBC189F}.Debug|x64.ActiveCfg = Debug|x64
		{35DE6B71-D519-4F27-B9FE-24B25FBC189F}.Debug|x64.Build.0 = Debug|x64
		{35DE6B71-D519-4F27-B9FE-24B25FBC189F}.Release|x64.ActiveCfg = Release|x64
		{35DE6B71-D519-4F27-B9FE-24B25FBC189F}.Release|x64.Build.0 = Release|x64
		{79F433C6-FA2B-4AE7-B19F-5EFC12F72510}.Debug|x64.ActiveCfg = Debug|x64
		{79F433C6-FA2B-4AE7-B19F-5EFC12F72510}.Debug|x64.Build.0 = Debug|x64
		{79F433C6-FA2B-4AE7-B19F-5EFC12F72510}.Release|x64.ActiveCfg = Release|x64
		{79F433C6-FA2B-4AE7-B19F-5EFC12F72510}.Release|x64.Build.0 = Release|x64
	EndGlobalSection
	GlobalSection(SolutionProperties) = preSolution
		HideSolutionNode = FALSE
	EndGlobalSection
	GlobalSection(ExtensibilityGlobals) = postSolution
		SolutionGuid = {8778879D-2EAB-41B8-BD79-60B787E55517}
	EndGlobalSection
EndGlobal
